# This file is generated by running "yarn install" inside your project.
# Manual changes might be lost - proceed with caution!

__metadata:
  version: 10
  cacheKey: 10c0

"simple-rpn-calculator@workspace:.":
  version: 0.0.0-use.local
  resolution: "simple-rpn-calculator@workspace:."
  bin:
    rpn: ./src/cli.js
  languageName: unknown
  linkType: soft
